
Microsoft Visual Studio Solution File, Format Version 12.00
# Visual Studio 15
VisualStudioVersion = 15.0.28307.572
MinimumVisualStudioVersion = 10.0.40219.1
Project("{FAE04EC0-301F-11D3-BF4B-00C04F79EFBC}") = "Kino", "Kino\Kino.csproj", "{AB300409-DF8F-4585-8311-61C9CE50A2B5}"
EndProject
Project("{FAE04EC0-301F-11D3-BF4B-00C04F79EFBC}") = "DAL", "DAL\DAL.csproj", "{87A405AB-5A8D-4AC4-AE64-4A57E90586A0}"
EndProject
Project("{FAE04EC0-301F-11D3-BF4B-00C04F79EFBC}") = "Model", "Model\Model.csproj", "{A32A4887-41E5-452A-A2E5-C3C17B267454}"
EndProject
Global
	GlobalSection(SolutionConfigurationPlatforms) = preSolution
		Debug|Any CPU = Debug|Any CPU
		Release|Any CPU = Release|Any CPU
	EndGlobalSection
	GlobalSection(ProjectConfigurationPlatforms) = postSolution
		{AB300409-DF8F-4585-8311-61C9CE50A2B5}.Debug|Any CPU.ActiveCfg = Debug|Any CPU
		{AB300409-DF8F-4585-8311-61C9CE50A2B5}.Debug|Any CPU.Build.0 = Debug|Any CPU
		{AB300409-DF8F-4585-8311-61C9CE50A2B5}.Release|Any CPU.ActiveCfg = Release|Any CPU
		{AB300409-DF8F-4585-8311-61C9CE50A2B5}.Release|Any CPU.Build.0 = Release|Any CPU
		{87A405AB-5A8D-4AC4-AE64-4A57E90586A0}.Debug|Any CPU.ActiveCfg = Debug|Any CPU
		{87A405AB-5A8D-4AC4-AE64-4A57E90586A0}.Debug|Any CPU.Build.0 = Debug|Any CPU
		{87A405AB-5A8D-4AC4-AE64-4A57E90586A0}.Release|Any CPU.ActiveCfg = Release|Any CPU
		{87A405AB-5A8D-4AC4-AE64-4A57E90586A0}.Release|Any CPU.Build.0 = Release|Any CPU
		{A32A4887-41E5-452A-A2E5-C3C17B267454}.Debug|Any CPU.ActiveCfg = Debug|Any CPU
		{A32A4887-41E5-452A-A2E5-C3C17B267454}.Debug|Any CPU.Build.0 = Debug|Any CPU
		{A32A4887-41E5-452A-A2E5-C3C17B267454}.Release|Any CPU.ActiveCfg = Release|Any CPU
		{A32A4887-41E5-452A-A2E5-C3C17B267454}.Release|Any CPU.Build.0 = Release|Any CPU
	EndGlobalSection
	GlobalSection(SolutionProperties) = preSolution
		HideSolutionNode = FALSE
	EndGlobalSection
	GlobalSection(ExtensibilityGlobals) = postSolution
		SolutionGuid = {DC28C22E-2B8D-40FB-B591-BCB43833EF96}
	EndGlobalSection
EndGlobal
